
Microsoft Visual Studio Solution File, Format Version 12.00
# Visual Studio Version 17
VisualStudioVersion = 17.10.35013.160
MinimumVisualStudioVersion = 10.0.40219.1
Project("{FAE04EC0-301F-11D3-BF4B-00C04F79EFBC}") = "Task5", "Task5.csproj", "{E7DEF69B-5410-48E5-ADBA-9CC75BC7FC1C}"
EndProject
Global
	GlobalSection(SolutionConfigurationPlatforms) = preSolution
		Debug|Any CPU = Debug|Any CPU
		Release|Any CPU = Release|Any CPU
	EndGlobalSection
	GlobalSection(ProjectConfigurationPlatforms) = postSolution
		{E7DEF69B-5410-48E5-ADBA-9CC75BC7FC1C}.Debug|Any CPU.ActiveCfg = Debug|Any CPU
		{E7DEF69B-5410-48E5-ADBA-9CC75BC7FC1C}.Debug|Any CPU.Build.0 = Debug|Any CPU
		{E7DEF69B-5410-48E5-ADBA-9CC75BC7FC1C}.Release|Any CPU.ActiveCfg = Release|Any CPU
		{E7DEF69B-5410-48E5-ADBA-9CC75BC7FC1C}.Release|Any CPU.Build.0 = Release|Any CPU
	EndGlobalSection
	GlobalSection(SolutionProperties) = preSolution
		HideSolutionNode = FALSE
	EndGlobalSection
	GlobalSection(ExtensibilityGlobals) = postSolution
		SolutionGuid = {ACFE2A64-CB34-4062-9E4D-38F193DD057C}
	EndGlobalSection
EndGlobal
