
Microsoft Visual Studio Solution File, Format Version 12.00
# Visual Studio Version 17
VisualStudioVersion = 17.10.35013.160
MinimumVisualStudioVersion = 10.0.40219.1
Project("{FAE04EC0-301F-11D3-BF4B-00C04F79EFBC}") = "Task1", "Task1.csproj", "{095608DD-C20A-4162-9398-207AE68780B9}"
EndProject
Global
	GlobalSection(SolutionConfigurationPlatforms) = preSolution
		Debug|Any CPU = Debug|Any CPU
		Release|Any CPU = Release|Any CPU
	EndGlobalSection
	GlobalSection(ProjectConfigurationPlatforms) = postSolution
		{095608DD-C20A-4162-9398-207AE68780B9}.Debug|Any CPU.ActiveCfg = Debug|Any CPU
		{095608DD-C20A-4162-9398-207AE68780B9}.Debug|Any CPU.Build.0 = Debug|Any CPU
		{095608DD-C20A-4162-9398-207AE68780B9}.Release|Any CPU.ActiveCfg = Release|Any CPU
		{095608DD-C20A-4162-9398-207AE68780B9}.Release|Any CPU.Build.0 = Release|Any CPU
	EndGlobalSection
	GlobalSection(SolutionProperties) = preSolution
		HideSolutionNode = FALSE
	EndGlobalSection
	GlobalSection(ExtensibilityGlobals) = postSolution
		SolutionGuid = {BCB94F15-AF09-434D-86F0-63EF7CD27318}
	EndGlobalSection
EndGlobal
